
Microsoft Visual Studio Solution File, Format Version 12.00
# Visual Studio 15
VisualStudioVersion = 15.0.28307.329
MinimumVisualStudioVersion = 10.0.40219.1
Project("{FAE04EC0-301F-11D3-BF4B-00C04F79EFBC}") = "itcareernet", "itcareernet\itcareernet.csproj", "{9B4C410C-7669-4326-8E27-F8581C758433}"
EndProject
Project("{FAE04EC0-301F-11D3-BF4B-00C04F79EFBC}") = "Career.BOL", "Career.BOL\Career.BOL.csproj", "{43C5397E-0ED2-4FAC-AF81-84CBF9038B31}"
EndProject
Project("{FAE04EC0-301F-11D3-BF4B-00C04F79EFBC}") = "Career.BLL", "Career.BLL\Career.BLL.csproj", "{B9A9C87E-6887-41C6-AB94-E11CD099B3AB}"
EndProject
Project("{FAE04EC0-301F-11D3-BF4B-00C04F79EFBC}") = "Career.DAL", "Career.DAL\Career.DAL.csproj", "{B8104E5D-74F8-4968-B1FF-D876B4B05263}"
EndProject
Project("{FAE04EC0-301F-11D3-BF4B-00C04F79EFBC}") = "WebApplication1", "WebApplication1\WebApplication1.csproj", "{E6D67EF8-2C53-43E2-AC7D-DC70BF4274CB}"
EndProject
Global
	GlobalSection(SolutionConfigurationPlatforms) = preSolution
		Debug|Any CPU = Debug|Any CPU
		Release|Any CPU = Release|Any CPU
	EndGlobalSection
	GlobalSection(ProjectConfigurationPlatforms) = postSolution
		{9B4C410C-7669-4326-8E27-F8581C758433}.Debug|Any CPU.ActiveCfg = Debug|Any CPU
		{9B4C410C-7669-4326-8E27-F8581C758433}.Debug|Any CPU.Build.0 = Debug|Any CPU
		{9B4C410C-7669-4326-8E27-F8581C758433}.Release|Any CPU.ActiveCfg = Release|Any CPU
		{9B4C410C-7669-4326-8E27-F8581C758433}.Release|Any CPU.Build.0 = Release|Any CPU
		{43C5397E-0ED2-4FAC-AF81-84CBF9038B31}.Debug|Any CPU.ActiveCfg = Debug|Any CPU
		{43C5397E-0ED2-4FAC-AF81-84CBF9038B31}.Debug|Any CPU.Build.0 = Debug|Any CPU
		{43C5397E-0ED2-4FAC-AF81-84CBF9038B31}.Release|Any CPU.ActiveCfg = Release|Any CPU
		{43C5397E-0ED2-4FAC-AF81-84CBF9038B31}.Release|Any CPU.Build.0 = Release|Any CPU
		{B9A9C87E-6887-41C6-AB94-E11CD099B3AB}.Debug|Any CPU.ActiveCfg = Debug|Any CPU
		{B9A9C87E-6887-41C6-AB94-E11CD099B3AB}.Debug|Any CPU.Build.0 = Debug|Any CPU
		{B9A9C87E-6887-41C6-AB94-E11CD099B3AB}.Release|Any CPU.ActiveCfg = Release|Any CPU
		{B9A9C87E-6887-41C6-AB94-E11CD099B3AB}.Release|Any CPU.Build.0 = Release|Any CPU
		{B8104E5D-74F8-4968-B1FF-D876B4B05263}.Debug|Any CPU.ActiveCfg = Debug|Any CPU
		{B8104E5D-74F8-4968-B1FF-D876B4B05263}.Debug|Any CPU.Build.0 = Debug|Any CPU
		{B8104E5D-74F8-4968-B1FF-D876B4B05263}.Release|Any CPU.ActiveCfg = Release|Any CPU
		{B8104E5D-74F8-4968-B1FF-D876B4B05263}.Release|Any CPU.Build.0 = Release|Any CPU
		{E6D67EF8-2C53-43E2-AC7D-DC70BF4274CB}.Debug|Any CPU.ActiveCfg = Debug|Any CPU
		{E6D67EF8-2C53-43E2-AC7D-DC70BF4274CB}.Debug|Any CPU.Build.0 = Debug|Any CPU
		{E6D67EF8-2C53-43E2-AC7D-DC70BF4274CB}.Release|Any CPU.ActiveCfg = Release|Any CPU
		{E6D67EF8-2C53-43E2-AC7D-DC70BF4274CB}.Release|Any CPU.Build.0 = Release|Any CPU
	EndGlobalSection
	GlobalSection(SolutionProperties) = preSolution
		HideSolutionNode = FALSE
	EndGlobalSection
	GlobalSection(ExtensibilityGlobals) = postSolution
		SolutionGuid = {51D7849E-6174-44E7-98F6-E5EDFECF32B8}
	EndGlobalSection
EndGlobal
